{
  "name": "aoc-2021",
  "version": "1.0.0",
  "lockfileVersion": 2,
  "requires": true,
  "packages": {
    "": {
      "name": "aoc-2021",
      "version": "1.0.0",
      "license": "MIT",
      "devDependencies": {
        "es-module-loader": "^2.3.0"
      }
    },
    "node_modules/es-module-loader": {
      "version": "2.3.0",
      "resolved": "https://nexus.eu2.doctorsmilecross.net/repository/npm-group/es-module-loader/-/es-module-loader-2.3.0.tgz",
      "integrity": "sha512-iuw5FdVMYA5d7CWCpGL3NcmRD2kWLGTNUds+vdcRuDWjnEsird1K7pSD9PXmvOU/B8sb4by12/9MFZD2hwXdAQ==",
      "dev": true
    }
  },
  "dependencies": {
    "es-module-loader": {
      "version": "2.3.0",
      "resolved": "https://nexus.eu2.doctorsmilecross.net/repository/npm-group/es-module-loader/-/es-module-loader-2.3.0.tgz",
      "integrity": "sha512-iuw5FdVMYA5d7CWCpGL3NcmRD2kWLGTNUds+vdcRuDWjnEsird1K7pSD9PXmvOU/B8sb4by12/9MFZD2hwXdAQ==",
      "dev": true
    }
  }
}
