{
  "name": "aoc-2021",
  "version": "1.0.0",
  "lockfileVersion": 1,
  "requires": true,
  "dependencies": {
    "modern-dijkstra": {
      "version": "1.1.0",
      "resolved": "https://registry.npmjs.org/modern-dijkstra/-/modern-dijkstra-1.1.0.tgz",
      "integrity": "sha512-Y7GlGTlODnDGA0o7wU7Fl0k6kCH0XOmtfFEjT2Q1UsiXnRk20gb+qdor3d4SBMOY55TLvsCiPLoebbPKFVLJHw=="
    }
  }
}
