{
  "name": "aoc-2021",
  "version": "1.0.0",
  "lockfileVersion": 2,
  "requires": true,
  "packages": {
    "": {
      "name": "aoc-2021",
      "version": "1.0.0",
      "license": "MIT",
      "dependencies": {
        "modern-dijkstra": "^1.1.2"
      }
    },
    "node_modules/modern-dijkstra": {
      "version": "1.1.2",
      "resolved": "https://registry.npmjs.org/modern-dijkstra/-/modern-dijkstra-1.1.2.tgz",
      "integrity": "sha512-7ShGaR4Gb/0Ulyj8U6yvRwNlU41SE9x4w1zuX1+u3A957j6jpn9ddplPtta/Zr+72f3eIUppP1q7Uh/2Hf6h7Q=="
    }
  },
  "dependencies": {
    "modern-dijkstra": {
      "version": "1.1.2",
      "resolved": "https://registry.npmjs.org/modern-dijkstra/-/modern-dijkstra-1.1.2.tgz",
      "integrity": "sha512-7ShGaR4Gb/0Ulyj8U6yvRwNlU41SE9x4w1zuX1+u3A957j6jpn9ddplPtta/Zr+72f3eIUppP1q7Uh/2Hf6h7Q=="
    }
  }
}
